
Microsoft Visual Studio Solution File, Format Version 12.00
# Visual Studio Version 16
VisualStudioVersion = 16.0.33214.272
MinimumVisualStudioVersion = 10.0.40219.1
Project("{FAE04EC0-301F-11D3-BF4B-00C04F79EFBC}") = "Mission04_juandm", "Mission04_juandm\Mission04_juandm.csproj", "{7EBB1AAB-895F-4334-8510-C41D31811C20}"
EndProject
Global
	GlobalSection(SolutionConfigurationPlatforms) = preSolution
		Debug|Any CPU = Debug|Any CPU
		Release|Any CPU = Release|Any CPU
	EndGlobalSection
	GlobalSection(ProjectConfigurationPlatforms) = postSolution
		{7EBB1AAB-895F-4334-8510-C41D31811C20}.Debug|Any CPU.ActiveCfg = Debug|Any CPU
		{7EBB1AAB-895F-4334-8510-C41D31811C20}.Debug|Any CPU.Build.0 = Debug|Any CPU
		{7EBB1AAB-895F-4334-8510-C41D31811C20}.Release|Any CPU.ActiveCfg = Release|Any CPU
		{7EBB1AAB-895F-4334-8510-C41D31811C20}.Release|Any CPU.Build.0 = Release|Any CPU
	EndGlobalSection
	GlobalSection(SolutionProperties) = preSolution
		HideSolutionNode = FALSE
	EndGlobalSection
	GlobalSection(ExtensibilityGlobals) = postSolution
		SolutionGuid = {E350A44D-9738-40EB-8CEF-9F2014E6E1E7}
	EndGlobalSection
EndGlobal
